
Microsoft Visual Studio Solution File, Format Version 12.00
# Visual Studio Version 16
VisualStudioVersion = 16.0.30711.63
MinimumVisualStudioVersion = 10.0.40219.1
Project("{FAE04EC0-301F-11D3-BF4B-00C04F79EFBC}") = "DemoPlugin1", "DemoPlugin1\DemoPlugin1.csproj", "{16A485CF-AEE7-48F0-B9B4-F99A603F3ADC}"
EndProject
Global
	GlobalSection(SolutionConfigurationPlatforms) = preSolution
		Debug|Any CPU = Debug|Any CPU
		Release|Any CPU = Release|Any CPU
	EndGlobalSection
	GlobalSection(ProjectConfigurationPlatforms) = postSolution
		{16A485CF-AEE7-48F0-B9B4-F99A603F3ADC}.Debug|Any CPU.ActiveCfg = Debug|Any CPU
		{16A485CF-AEE7-48F0-B9B4-F99A603F3ADC}.Debug|Any CPU.Build.0 = Debug|Any CPU
		{16A485CF-AEE7-48F0-B9B4-F99A603F3ADC}.Release|Any CPU.ActiveCfg = Release|Any CPU
		{16A485CF-AEE7-48F0-B9B4-F99A603F3ADC}.Release|Any CPU.Build.0 = Release|Any CPU
	EndGlobalSection
	GlobalSection(SolutionProperties) = preSolution
		HideSolutionNode = FALSE
	EndGlobalSection
	GlobalSection(ExtensibilityGlobals) = postSolution
		SolutionGuid = {A7DBB0EB-8AC0-4102-925C-738C992DFBA7}
	EndGlobalSection
EndGlobal
